// !$*UTF8*$!
{
	archiveVersion = 1;
	classes = {
	};
	objectVersion = 46;
	objects = {

/* Begin PBXBuildFile section */
		7A1000030000000000000001 /* AppController.swift in Sources */ = {isa = PBXBuildFile; fileRef = 7A1000010000000000000001 /* AppController.swift */; };
		7A1000060000000000000001 /* SwiftUINativeWindows.swift in Sources */ = {isa = PBXBuildFile; fileRef = 7A1000050000000000000001 /* SwiftUINativeWindows.swift */; };
		7A1000080000000000000001 /* ComposingPreferences.tiff in Resources */ = {isa = PBXBuildFile; fileRef = 7A10000A0000000000000001 /* ComposingPreferences.tiff */; };
		7A1000090000000000000001 /* ComposingPreferences.tiff in Resources */ = {isa = PBXBuildFile; fileRef = 7A10000A0000000000000001 /* ComposingPreferences.tiff */; };
		7A10000C0000000000000001 /* MainMenu.nib in Resources */ = {isa = PBXBuildFile; fileRef = 7A10000B0000000000000001 /* MainMenu.nib */; };
		7A10000D0000000000000001 /* MainMenu.nib in Resources */ = {isa = PBXBuildFile; fileRef = 7A10000B0000000000000001 /* MainMenu.nib */; };
		7A10000F0000000000000001 /* Snippets.mom in Resources */ = {isa = PBXBuildFile; fileRef = 7A10000E0000000000000001 /* Snippets.mom */; };
		7A1000100000000000000001 /* Snippets.mom in Resources */ = {isa = PBXBuildFile; fileRef = 7A10000E0000000000000001 /* Snippets.mom */; };
		7A1000150000000000000001 /* Preferences.nib (English) in Resources */ = {isa = PBXBuildFile; fileRef = 7A1000110000000000000001 /* Preferences.nib (English) */; };
		7A1000160000000000000001 /* Preferences.nib (English) in Resources */ = {isa = PBXBuildFile; fileRef = 7A1000110000000000000001 /* Preferences.nib (English) */; };
		7A1000170000000000000001 /* Preferences.nib (Japanese) in Resources */ = {isa = PBXBuildFile; fileRef = 7A1000120000000000000001 /* Preferences.nib (Japanese) */; };
		7A1000180000000000000001 /* Preferences.nib (Japanese) in Resources */ = {isa = PBXBuildFile; fileRef = 7A1000120000000000000001 /* Preferences.nib (Japanese) */; };
		7A1000190000000000000001 /* Preferences.strings (English) in Resources */ = {isa = PBXBuildFile; fileRef = 7A1000130000000000000001 /* Preferences.strings (English) */; };
		7A10001A0000000000000001 /* Preferences.strings (English) in Resources */ = {isa = PBXBuildFile; fileRef = 7A1000130000000000000001 /* Preferences.strings (English) */; };
		7A10001B0000000000000001 /* Preferences.strings (Japanese) in Resources */ = {isa = PBXBuildFile; fileRef = 7A1000140000000000000001 /* Preferences.strings (Japanese) */; };
		7A10001C0000000000000001 /* Preferences.strings (Japanese) in Resources */ = {isa = PBXBuildFile; fileRef = 7A1000140000000000000001 /* Preferences.strings (Japanese) */; };
		3578F7700D7E3D5E00E804BF /* Menu.png in Resources */ = {isa = PBXBuildFile; fileRef = 3578F76F0D7E3D5E00E804BF /* Menu.png */; };
		35A473490D20E8DE00E6B842 /* ClipMenu.icns in Resources */ = {isa = PBXBuildFile; fileRef = 35A473480D20E8DE00E6B842 /* ClipMenu.icns */; };
		35C028950D6838D600B95FF5 /* ActionIcon.tiff in Resources */ = {isa = PBXBuildFile; fileRef = 35C028940D6838D600B95FF5 /* ActionIcon.tiff */; };
		35C028DC0D683C0200B95FF5 /* ActionIconLarge.tiff in Resources */ = {isa = PBXBuildFile; fileRef = 35C028DB0D683C0200B95FF5 /* ActionIconLarge.tiff */; };
		35C02FFE0D6BAB8300B95FF5 /* script in Resources */ = {isa = PBXBuildFile; fileRef = 35C02FFA0D6BAB8300B95FF5 /* script */; };
		8D11072B0486CEB800E47090 /* InfoPlist.strings in Resources */ = {isa = PBXBuildFile; fileRef = 089C165CFE840E0CC02AAC07 /* InfoPlist.strings */; };
		8D11072F0486CEB800E47090 /* Cocoa.framework in Frameworks */ = {isa = PBXBuildFile; fileRef = 1058C7A1FEA54F0111CA2CBB /* Cocoa.framework */; };
		A821F5411085696E00B25C8B /* dsa_pub.pem in Resources */ = {isa = PBXBuildFile; fileRef = A821F5401085696E00B25C8B /* dsa_pub.pem */; };
		A821F5421085696E00B25C8B /* dsa_pub.pem in Resources */ = {isa = PBXBuildFile; fileRef = A821F5401085696E00B25C8B /* dsa_pub.pem */; };
		A82B8AB50EC3F8D700096102 /* InfoPlist.strings in Resources */ = {isa = PBXBuildFile; fileRef = 089C165CFE840E0CC02AAC07 /* InfoPlist.strings */; };
		A82B8AB70EC3F8D700096102 /* ClipMenu.icns in Resources */ = {isa = PBXBuildFile; fileRef = 35A473480D20E8DE00E6B842 /* ClipMenu.icns */; };
		A82B8AB90EC3F8D700096102 /* ActionIcon.tiff in Resources */ = {isa = PBXBuildFile; fileRef = 35C028940D6838D600B95FF5 /* ActionIcon.tiff */; };
		A82B8ABA0EC3F8D700096102 /* ActionIconLarge.tiff in Resources */ = {isa = PBXBuildFile; fileRef = 35C028DB0D683C0200B95FF5 /* ActionIconLarge.tiff */; };
		A82B8ABB0EC3F8D700096102 /* script in Resources */ = {isa = PBXBuildFile; fileRef = 35C02FFA0D6BAB8300B95FF5 /* script */; };
		A82B8ABC0EC3F8D700096102 /* Menu.png in Resources */ = {isa = PBXBuildFile; fileRef = 3578F76F0D7E3D5E00E804BF /* Menu.png */; };
		7A1000040000000000000001 /* AppController.swift in Sources */ = {isa = PBXBuildFile; fileRef = 7A1000010000000000000001 /* AppController.swift */; };
		7A1000070000000000000001 /* SwiftUINativeWindows.swift in Sources */ = {isa = PBXBuildFile; fileRef = 7A1000050000000000000001 /* SwiftUINativeWindows.swift */; };
		A82B8AE20EC3F8D700096102 /* Cocoa.framework in Frameworks */ = {isa = PBXBuildFile; fileRef = 1058C7A1FEA54F0111CA2CBB /* Cocoa.framework */; };
		A8464D9D108AAC3B0040C8C6 /* StatusMenuIconByDaveUlrich-scissors1-bw-left.png in Resources */ = {isa = PBXBuildFile; fileRef = A8464D95108AAC3B0040C8C6 /* StatusMenuIconByDaveUlrich-scissors1-bw-left.png */; };
		A8464D9E108AAC3B0040C8C6 /* StatusMenuIconByDaveUlrich-scissors1-bw-right.png in Resources */ = {isa = PBXBuildFile; fileRef = A8464D96108AAC3B0040C8C6 /* StatusMenuIconByDaveUlrich-scissors1-bw-right.png */; };
		A8464D9F108AAC3B0040C8C6 /* StatusMenuIconByDaveUlrich-scissors1-color-left.png in Resources */ = {isa = PBXBuildFile; fileRef = A8464D97108AAC3B0040C8C6 /* StatusMenuIconByDaveUlrich-scissors1-color-left.png */; };
		A8464DA0108AAC3B0040C8C6 /* StatusMenuIconByDaveUlrich-scissors1-color-right.png in Resources */ = {isa = PBXBuildFile; fileRef = A8464D98108AAC3B0040C8C6 /* StatusMenuIconByDaveUlrich-scissors1-color-right.png */; };
		A8464DA1108AAC3B0040C8C6 /* StatusMenuIconByDaveUlrich-scissors2-bw-left.png in Resources */ = {isa = PBXBuildFile; fileRef = A8464D99108AAC3B0040C8C6 /* StatusMenuIconByDaveUlrich-scissors2-bw-left.png */; };
		A8464DA2108AAC3B0040C8C6 /* StatusMenuIconByDaveUlrich-scissors2-bw-right.png in Resources */ = {isa = PBXBuildFile; fileRef = A8464D9A108AAC3B0040C8C6 /* StatusMenuIconByDaveUlrich-scissors2-bw-right.png */; };
		A8464DA3108AAC3B0040C8C6 /* StatusMenuIconByDaveUlrich-scissors2-color-left.png in Resources */ = {isa = PBXBuildFile; fileRef = A8464D9B108AAC3B0040C8C6 /* StatusMenuIconByDaveUlrich-scissors2-color-left.png */; };
		A8464DA4108AAC3B0040C8C6 /* StatusMenuIconByDaveUlrich-scissors2-color-right.png in Resources */ = {isa = PBXBuildFile; fileRef = A8464D9C108AAC3B0040C8C6 /* StatusMenuIconByDaveUlrich-scissors2-color-right.png */; };
		A8464DA5108AAC3B0040C8C6 /* StatusMenuIconByDaveUlrich-scissors1-bw-left.png in Resources */ = {isa = PBXBuildFile; fileRef = A8464D95108AAC3B0040C8C6 /* StatusMenuIconByDaveUlrich-scissors1-bw-left.png */; };
		A8464DA6108AAC3B0040C8C6 /* StatusMenuIconByDaveUlrich-scissors1-bw-right.png in Resources */ = {isa = PBXBuildFile; fileRef = A8464D96108AAC3B0040C8C6 /* StatusMenuIconByDaveUlrich-scissors1-bw-right.png */; };
		A8464DA7108AAC3B0040C8C6 /* StatusMenuIconByDaveUlrich-scissors1-color-left.png in Resources */ = {isa = PBXBuildFile; fileRef = A8464D97108AAC3B0040C8C6 /* StatusMenuIconByDaveUlrich-scissors1-color-left.png */; };
		A8464DA8108AAC3B0040C8C6 /* StatusMenuIconByDaveUlrich-scissors1-color-right.png in Resources */ = {isa = PBXBuildFile; fileRef = A8464D98108AAC3B0040C8C6 /* StatusMenuIconByDaveUlrich-scissors1-color-right.png */; };
		A8464DA9108AAC3B0040C8C6 /* StatusMenuIconByDaveUlrich-scissors2-bw-left.png in Resources */ = {isa = PBXBuildFile; fileRef = A8464D99108AAC3B0040C8C6 /* StatusMenuIconByDaveUlrich-scissors2-bw-left.png */; };
		A8464DAA108AAC3B0040C8C6 /* StatusMenuIconByDaveUlrich-scissors2-bw-right.png in Resources */ = {isa = PBXBuildFile; fileRef = A8464D9A108AAC3B0040C8C6 /* StatusMenuIconByDaveUlrich-scissors2-bw-right.png */; };
		A8464DAB108AAC3B0040C8C6 /* StatusMenuIconByDaveUlrich-scissors2-color-left.png in Resources */ = {isa = PBXBuildFile; fileRef = A8464D9B108AAC3B0040C8C6 /* StatusMenuIconByDaveUlrich-scissors2-color-left.png */; };
		A8464DAC108AAC3B0040C8C6 /* StatusMenuIconByDaveUlrich-scissors2-color-right.png in Resources */ = {isa = PBXBuildFile; fileRef = A8464D9C108AAC3B0040C8C6 /* StatusMenuIconByDaveUlrich-scissors2-color-right.png */; };
		A8464DD6108AD6A90040C8C6 /* StatusMenuIconByDaveUlrich-diagonal-bw.png in Resources */ = {isa = PBXBuildFile; fileRef = A8464DD4108AD6A90040C8C6 /* StatusMenuIconByDaveUlrich-diagonal-bw.png */; };
		A8464DD7108AD6A90040C8C6 /* StatusMenuIconByDaveUlrich-diagonal-color.png in Resources */ = {isa = PBXBuildFile; fileRef = A8464DD5108AD6A90040C8C6 /* StatusMenuIconByDaveUlrich-diagonal-color.png */; };
		A8464DD8108AD6A90040C8C6 /* StatusMenuIconByDaveUlrich-diagonal-bw.png in Resources */ = {isa = PBXBuildFile; fileRef = A8464DD4108AD6A90040C8C6 /* StatusMenuIconByDaveUlrich-diagonal-bw.png */; };
		A8464DD9108AD6A90040C8C6 /* StatusMenuIconByDaveUlrich-diagonal-color.png in Resources */ = {isa = PBXBuildFile; fileRef = A8464DD5108AD6A90040C8C6 /* StatusMenuIconByDaveUlrich-diagonal-color.png */; };
		A86E0701119BF24200DF8A58 /* AddSnippet.tiff in Resources */ = {isa = PBXBuildFile; fileRef = A86E0700119BF24200DF8A58 /* AddSnippet.tiff */; };
		A86E0702119BF24200DF8A58 /* AddSnippet.tiff in Resources */ = {isa = PBXBuildFile; fileRef = A86E0700119BF24200DF8A58 /* AddSnippet.tiff */; };
		A86E0708119BF38100DF8A58 /* CheckSnippet.tiff in Resources */ = {isa = PBXBuildFile; fileRef = A86E0706119BF38100DF8A58 /* CheckSnippet.tiff */; };
		A86E0709119BF38100DF8A58 /* DeleteSnippet.tiff in Resources */ = {isa = PBXBuildFile; fileRef = A86E0707119BF38100DF8A58 /* DeleteSnippet.tiff */; };
		A86E070A119BF38100DF8A58 /* CheckSnippet.tiff in Resources */ = {isa = PBXBuildFile; fileRef = A86E0706119BF38100DF8A58 /* CheckSnippet.tiff */; };
		A86E070B119BF38100DF8A58 /* DeleteSnippet.tiff in Resources */ = {isa = PBXBuildFile; fileRef = A86E0707119BF38100DF8A58 /* DeleteSnippet.tiff */; };
		A86F93910ED183C30058E899 /* Action.tiff in Resources */ = {isa = PBXBuildFile; fileRef = A8DF42840ED13BF000506877 /* Action.tiff */; };
		A8755B4B1164B0C500465B3B /* check.png in Resources */ = {isa = PBXBuildFile; fileRef = A8755B4A1164B0C500465B3B /* check.png */; };
		A8755B4C1164B0C500465B3B /* check.png in Resources */ = {isa = PBXBuildFile; fileRef = A8755B4A1164B0C500465B3B /* check.png */; };
		A878AA430EC411BE00112A8E /* Localizable.strings in Resources */ = {isa = PBXBuildFile; fileRef = A878AA420EC411BE00112A8E /* Localizable.strings */; };
		A878AA440EC411BE00112A8E /* Localizable.strings in Resources */ = {isa = PBXBuildFile; fileRef = A878AA420EC411BE00112A8E /* Localizable.strings */; };
		A87F7D05119FC41500420FF1 /* ClipMenu3.icns in Resources */ = {isa = PBXBuildFile; fileRef = A87F7D04119FC41500420FF1 /* ClipMenu3.icns */; };
		A87F7D06119FC41500420FF1 /* ClipMenu3.icns in Resources */ = {isa = PBXBuildFile; fileRef = A87F7D04119FC41500420FF1 /* ClipMenu3.icns */; };
		A8975E9C1087042E00973851 /* SparkleIcon.tif in Resources */ = {isa = PBXBuildFile; fileRef = A8975E9B1087042E00973851 /* SparkleIcon.tif */; };
		A8975E9D1087042E00973851 /* SparkleIcon.tif in Resources */ = {isa = PBXBuildFile; fileRef = A8975E9B1087042E00973851 /* SparkleIcon.tif */; };
		A8A6350D116C4F0F001ED122 /* StatusMenuIconBySuphiAksoy_pressed.png in Resources */ = {isa = PBXBuildFile; fileRef = A8A6350B116C4F0F001ED122 /* StatusMenuIconBySuphiAksoy_pressed.png */; };
		A8A6350E116C4F0F001ED122 /* StatusMenuIconBySuphiAksoy.png in Resources */ = {isa = PBXBuildFile; fileRef = A8A6350C116C4F0F001ED122 /* StatusMenuIconBySuphiAksoy.png */; };
		A8A6350F116C4F0F001ED122 /* StatusMenuIconBySuphiAksoy_pressed.png in Resources */ = {isa = PBXBuildFile; fileRef = A8A6350B116C4F0F001ED122 /* StatusMenuIconBySuphiAksoy_pressed.png */; };
		A8A63510116C4F0F001ED122 /* StatusMenuIconBySuphiAksoy.png in Resources */ = {isa = PBXBuildFile; fileRef = A8A6350C116C4F0F001ED122 /* StatusMenuIconBySuphiAksoy.png */; };
		A8DCABDE10819C81006E02C8 /* StatusMenuIcon.png in Resources */ = {isa = PBXBuildFile; fileRef = A8DCABD810819C81006E02C8 /* StatusMenuIcon.png */; };
		A8DCABDF10819C81006E02C8 /* StatusMenuIcon_pressed.png in Resources */ = {isa = PBXBuildFile; fileRef = A8DCABD910819C81006E02C8 /* StatusMenuIcon_pressed.png */; };
		A8DCABE010819C81006E02C8 /* StatusMenuIconFirst.png in Resources */ = {isa = PBXBuildFile; fileRef = A8DCABDA10819C81006E02C8 /* StatusMenuIconFirst.png */; };
		A8DCABE110819C81006E02C8 /* StatusMenuIconFirst_pressed.png in Resources */ = {isa = PBXBuildFile; fileRef = A8DCABDB10819C81006E02C8 /* StatusMenuIconFirst_pressed.png */; };
		A8DCABE410819C81006E02C8 /* StatusMenuIcon.png in Resources */ = {isa = PBXBuildFile; fileRef = A8DCABD810819C81006E02C8 /* StatusMenuIcon.png */; };
		A8DCABE510819C81006E02C8 /* StatusMenuIcon_pressed.png in Resources */ = {isa = PBXBuildFile; fileRef = A8DCABD910819C81006E02C8 /* StatusMenuIcon_pressed.png */; };
		A8DCABE610819C81006E02C8 /* StatusMenuIconFirst.png in Resources */ = {isa = PBXBuildFile; fileRef = A8DCABDA10819C81006E02C8 /* StatusMenuIconFirst.png */; };
		A8DCABE710819C81006E02C8 /* StatusMenuIconFirst_pressed.png in Resources */ = {isa = PBXBuildFile; fileRef = A8DCABDB10819C81006E02C8 /* StatusMenuIconFirst_pressed.png */; };
		A8DF42850ED13BF000506877 /* Action.tiff in Resources */ = {isa = PBXBuildFile; fileRef = A8DF42840ED13BF000506877 /* Action.tiff */; };
		A8EBB688109190F900208A86 /* PTKeyboardIcon.tiff in Resources */ = {isa = PBXBuildFile; fileRef = A8EBB687109190F900208A86 /* PTKeyboardIcon.tiff */; };
		A8EBB689109190F900208A86 /* PTKeyboardIcon.tiff in Resources */ = {isa = PBXBuildFile; fileRef = A8EBB687109190F900208A86 /* PTKeyboardIcon.tiff */; };
/* End PBXBuildFile section */

/* Begin PBXCopyFilesBuildPhase section */
		A82B8AE60EC3F8D700096102 /* CopyFiles */ = {
			isa = PBXCopyFilesBuildPhase;
			buildActionMask = 2147483647;
			dstPath = "";
			dstSubfolderSpec = 10;
			files = (
			);
			runOnlyForDeploymentPostprocessing = 0;
		};
/* End PBXCopyFilesBuildPhase section */

/* Begin PBXFileReference section */
		089C165DFE840E0CC02AAC07 /* English */ = {isa = PBXFileReference; fileEncoding = 10; lastKnownFileType = text.plist.strings; name = English; path = English.lproj/InfoPlist.strings; sourceTree = "<group>"; };
		1058C7A1FEA54F0111CA2CBB /* Cocoa.framework */ = {isa = PBXFileReference; lastKnownFileType = wrapper.framework; name = Cocoa.framework; path = /System/Library/Frameworks/Cocoa.framework; sourceTree = "<absolute>"; };
		29B97324FDCFA39411CA2CEA /* AppKit.framework */ = {isa = PBXFileReference; lastKnownFileType = wrapper.framework; name = AppKit.framework; path = /System/Library/Frameworks/AppKit.framework; sourceTree = "<absolute>"; };
		29B97325FDCFA39411CA2CEA /* Foundation.framework */ = {isa = PBXFileReference; lastKnownFileType = wrapper.framework; name = Foundation.framework; path = /System/Library/Frameworks/Foundation.framework; sourceTree = "<absolute>"; };
		7A1000010000000000000001 /* AppController.swift */ = {isa = PBXFileReference; lastKnownFileType = sourcecode.swift; name = AppController.swift; path = Source/AppController.swift; sourceTree = "<group>"; };
		7A1000050000000000000001 /* SwiftUINativeWindows.swift */ = {isa = PBXFileReference; lastKnownFileType = sourcecode.swift; name = SwiftUINativeWindows.swift; path = Source/SwiftUINativeWindows.swift; sourceTree = "<group>"; };
		7A10000A0000000000000001 /* ComposingPreferences.tiff */ = {isa = PBXFileReference; lastKnownFileType = image.tiff; name = ComposingPreferences.tiff; path = resource/ComposingPreferences.tiff; sourceTree = "<group>"; };
		7A10000B0000000000000001 /* MainMenu.nib */ = {isa = PBXFileReference; lastKnownFileType = wrapper.nib; name = MainMenu.nib; path = English.lproj/MainMenu.nib; sourceTree = "<group>"; };
		7A10000E0000000000000001 /* Snippets.mom */ = {isa = PBXFileReference; lastKnownFileType = wrapper.mom; name = Snippets.mom; path = resource/Snippets.mom; sourceTree = "<group>"; };
		7A1000110000000000000001 /* Preferences.nib (English) */ = {isa = PBXFileReference; lastKnownFileType = wrapper.nib; name = "Preferences.nib (English)"; path = English.lproj/Preferences.nib; sourceTree = "<group>"; };
		7A1000120000000000000001 /* Preferences.nib (Japanese) */ = {isa = PBXFileReference; lastKnownFileType = wrapper.nib; name = "Preferences.nib (Japanese)"; path = Japanese.lproj/Preferences.nib; sourceTree = "<group>"; };
		7A1000130000000000000001 /* Preferences.strings (English) */ = {isa = PBXFileReference; fileEncoding = 10; lastKnownFileType = text.plist.strings; name = "Preferences.strings (English)"; path = English.lproj/Preferences.strings; sourceTree = "<group>"; };
		7A1000140000000000000001 /* Preferences.strings (Japanese) */ = {isa = PBXFileReference; fileEncoding = 10; lastKnownFileType = text.plist.strings; name = "Preferences.strings (Japanese)"; path = Japanese.lproj/Preferences.strings; sourceTree = "<group>"; };
		3578645D0D23A82400FAFFC5 /* English */ = {isa = PBXFileReference; lastKnownFileType = text.plist.strings; name = English; path = English.lproj/Localizable.strings; sourceTree = "<group>"; };
		3578F76F0D7E3D5E00E804BF /* Menu.png */ = {isa = PBXFileReference; lastKnownFileType = image.png; name = Menu.png; path = resource/Menu.png; sourceTree = "<group>"; };
		35A473480D20E8DE00E6B842 /* ClipMenu.icns */ = {isa = PBXFileReference; lastKnownFileType = image.icns; name = ClipMenu.icns; path = resource/ClipMenu.icns; sourceTree = "<group>"; };
		35C028940D6838D600B95FF5 /* ActionIcon.tiff */ = {isa = PBXFileReference; lastKnownFileType = image.tiff; name = ActionIcon.tiff; path = resource/ActionIcon.tiff; sourceTree = "<group>"; };
		35C028DB0D683C0200B95FF5 /* ActionIconLarge.tiff */ = {isa = PBXFileReference; lastKnownFileType = image.tiff; name = ActionIconLarge.tiff; path = resource/ActionIconLarge.tiff; sourceTree = "<group>"; };
		35C02FFA0D6BAB8300B95FF5 /* script */ = {isa = PBXFileReference; lastKnownFileType = folder; name = script; path = resource/script; sourceTree = "<group>"; };
		8D1107310486CEB800E47090 /* Info.plist */ = {isa = PBXFileReference; fileEncoding = 4; lastKnownFileType = text.plist.xml; path = Info.plist; sourceTree = "<group>"; };
		8D1107320486CEB800E47090 /* ClipMenu.app */ = {isa = PBXFileReference; explicitFileType = wrapper.application; includeInIndex = 0; path = ClipMenu.app; sourceTree = BUILT_PRODUCTS_DIR; };
		A821F5401085696E00B25C8B /* dsa_pub.pem */ = {isa = PBXFileReference; fileEncoding = 4; lastKnownFileType = text; name = dsa_pub.pem; path = resource/dsa_pub.pem; sourceTree = "<group>"; };
		A821F5861085DA8A00B25C8B /* Japanese */ = {isa = PBXFileReference; lastKnownFileType = text.plist.strings; name = Japanese; path = Japanese.lproj/InfoPlist.strings; sourceTree = "<group>"; };
		A82B8AEB0EC3F8D700096102 /* ClipMenu.app */ = {isa = PBXFileReference; explicitFileType = wrapper.application; includeInIndex = 0; path = ClipMenu.app; sourceTree = BUILT_PRODUCTS_DIR; };
		A8328DCC108859AE00A54DF4 /* ShortcutRecorder.framework */ = {isa = PBXFileReference; lastKnownFileType = wrapper.framework; name = ShortcutRecorder.framework; path = /Library/Frameworks/ShortcutRecorder.framework; sourceTree = "<absolute>"; };
		A8464D95108AAC3B0040C8C6 /* StatusMenuIconByDaveUlrich-scissors1-bw-left.png */ = {isa = PBXFileReference; lastKnownFileType = image.png; path = "StatusMenuIconByDaveUlrich-scissors1-bw-left.png"; sourceTree = "<group>"; };
		A8464D96108AAC3B0040C8C6 /* StatusMenuIconByDaveUlrich-scissors1-bw-right.png */ = {isa = PBXFileReference; lastKnownFileType = image.png; path = "StatusMenuIconByDaveUlrich-scissors1-bw-right.png"; sourceTree = "<group>"; };
		A8464D97108AAC3B0040C8C6 /* StatusMenuIconByDaveUlrich-scissors1-color-left.png */ = {isa = PBXFileReference; lastKnownFileType = image.png; path = "StatusMenuIconByDaveUlrich-scissors1-color-left.png"; sourceTree = "<group>"; };
		A8464D98108AAC3B0040C8C6 /* StatusMenuIconByDaveUlrich-scissors1-color-right.png */ = {isa = PBXFileReference; lastKnownFileType = image.png; path = "StatusMenuIconByDaveUlrich-scissors1-color-right.png"; sourceTree = "<group>"; };
		A8464D99108AAC3B0040C8C6 /* StatusMenuIconByDaveUlrich-scissors2-bw-left.png */ = {isa = PBXFileReference; lastKnownFileType = image.png; path = "StatusMenuIconByDaveUlrich-scissors2-bw-left.png"; sourceTree = "<group>"; };
		A8464D9A108AAC3B0040C8C6 /* StatusMenuIconByDaveUlrich-scissors2-bw-right.png */ = {isa = PBXFileReference; lastKnownFileType = image.png; path = "StatusMenuIconByDaveUlrich-scissors2-bw-right.png"; sourceTree = "<group>"; };
		A8464D9B108AAC3B0040C8C6 /* StatusMenuIconByDaveUlrich-scissors2-color-left.png */ = {isa = PBXFileReference; lastKnownFileType = image.png; path = "StatusMenuIconByDaveUlrich-scissors2-color-left.png"; sourceTree = "<group>"; };
		A8464D9C108AAC3B0040C8C6 /* StatusMenuIconByDaveUlrich-scissors2-color-right.png */ = {isa = PBXFileReference; lastKnownFileType = image.png; path = "StatusMenuIconByDaveUlrich-scissors2-color-right.png"; sourceTree = "<group>"; };
		A8464DD4108AD6A90040C8C6 /* StatusMenuIconByDaveUlrich-diagonal-bw.png */ = {isa = PBXFileReference; lastKnownFileType = image.png; path = "StatusMenuIconByDaveUlrich-diagonal-bw.png"; sourceTree = "<group>"; };
		A8464DD5108AD6A90040C8C6 /* StatusMenuIconByDaveUlrich-diagonal-color.png */ = {isa = PBXFileReference; lastKnownFileType = image.png; path = "StatusMenuIconByDaveUlrich-diagonal-color.png"; sourceTree = "<group>"; };
		A86E0700119BF24200DF8A58 /* AddSnippet.tiff */ = {isa = PBXFileReference; lastKnownFileType = image.tiff; path = AddSnippet.tiff; sourceTree = "<group>"; };
		A86E0706119BF38100DF8A58 /* CheckSnippet.tiff */ = {isa = PBXFileReference; lastKnownFileType = image.tiff; path = CheckSnippet.tiff; sourceTree = "<group>"; };
		A86E0707119BF38100DF8A58 /* DeleteSnippet.tiff */ = {isa = PBXFileReference; lastKnownFileType = image.tiff; path = DeleteSnippet.tiff; sourceTree = "<group>"; };
		A8755B4A1164B0C500465B3B /* check.png */ = {isa = PBXFileReference; lastKnownFileType = image.png; name = check.png; path = resource/check.png; sourceTree = "<group>"; };
		A878AA450EC411C400112A8E /* Japanese */ = {isa = PBXFileReference; lastKnownFileType = text.plist.strings; name = Japanese; path = Japanese.lproj/Localizable.strings; sourceTree = "<group>"; };
		A87F7D04119FC41500420FF1 /* ClipMenu3.icns */ = {isa = PBXFileReference; lastKnownFileType = image.icns; name = ClipMenu3.icns; path = resource/ClipMenu3.icns; sourceTree = "<group>"; };
		A8975E9B1087042E00973851 /* SparkleIcon.tif */ = {isa = PBXFileReference; lastKnownFileType = image.tiff; name = SparkleIcon.tif; path = resource/SparkleIcon.tif; sourceTree = "<group>"; };
		A8A6350B116C4F0F001ED122 /* StatusMenuIconBySuphiAksoy_pressed.png */ = {isa = PBXFileReference; lastKnownFileType = image.png; path = StatusMenuIconBySuphiAksoy_pressed.png; sourceTree = "<group>"; };
		A8A6350C116C4F0F001ED122 /* StatusMenuIconBySuphiAksoy.png */ = {isa = PBXFileReference; lastKnownFileType = image.png; path = StatusMenuIconBySuphiAksoy.png; sourceTree = "<group>"; };
		A8DCABD810819C81006E02C8 /* StatusMenuIcon.png */ = {isa = PBXFileReference; lastKnownFileType = image.png; path = StatusMenuIcon.png; sourceTree = "<group>"; };
		A8DCABD910819C81006E02C8 /* StatusMenuIcon_pressed.png */ = {isa = PBXFileReference; lastKnownFileType = image.png; path = StatusMenuIcon_pressed.png; sourceTree = "<group>"; };
		A8DCABDA10819C81006E02C8 /* StatusMenuIconFirst.png */ = {isa = PBXFileReference; lastKnownFileType = image.png; path = StatusMenuIconFirst.png; sourceTree = "<group>"; };
		A8DCABDB10819C81006E02C8 /* StatusMenuIconFirst_pressed.png */ = {isa = PBXFileReference; lastKnownFileType = image.png; path = StatusMenuIconFirst_pressed.png; sourceTree = "<group>"; };
		A8DF42840ED13BF000506877 /* Action.tiff */ = {isa = PBXFileReference; lastKnownFileType = image.tiff; name = Action.tiff; path = resource/Action.tiff; sourceTree = "<group>"; };
		A8EBB687109190F900208A86 /* PTKeyboardIcon.tiff */ = {isa = PBXFileReference; lastKnownFileType = image.tiff; name = PTKeyboardIcon.tiff; path = resource/PTKeyboardIcon.tiff; sourceTree = "<group>"; };
/* End PBXFileReference section */

/* Begin PBXFrameworksBuildPhase section */
		8D11072E0486CEB800E47090 /* Frameworks */ = {
			isa = PBXFrameworksBuildPhase;
			buildActionMask = 2147483647;
			files = (
				8D11072F0486CEB800E47090 /* Cocoa.framework in Frameworks */,
			);
			runOnlyForDeploymentPostprocessing = 0;
		};
		A82B8AE10EC3F8D700096102 /* Frameworks */ = {
			isa = PBXFrameworksBuildPhase;
			buildActionMask = 2147483647;
			files = (
				A82B8AE20EC3F8D700096102 /* Cocoa.framework in Frameworks */,
			);
			runOnlyForDeploymentPostprocessing = 0;
		};
/* End PBXFrameworksBuildPhase section */

/* Begin PBXGroup section */
		080E96DDFE201D6D7F000001 /* Classes */ = {
			isa = PBXGroup;
			children = (
			7A1000010000000000000001 /* AppController.swift */,
			7A1000050000000000000001 /* SwiftUINativeWindows.swift */,
				3505FF180D7FAE0000B55D03 /* Clip */,
				A83A1FA210AA3F9A002CB62A /* Snippet */,
				3505FF150D7FADC400B55D03 /* Action */,
				3505FF140D7FAD8C00B55D03 /* Preferences */,
				A85DC6C310B93F25005C7925 /* CocoaExtensions */,
				A8A2D26D0EC1735C007DE280 /* PTHotKeys */,
				A8328E0910885FAF00A54DF4 /* DBPrefsWindowController */,
			);
			name = Classes;
			sourceTree = "<group>";
		};
		1058C7A0FEA54F0111CA2CBB /* Linked Frameworks */ = {
			isa = PBXGroup;
			children = (
				1058C7A1FEA54F0111CA2CBB /* Cocoa.framework */,
				A8328DCC108859AE00A54DF4 /* ShortcutRecorder.framework */,
			);
			name = "Linked Frameworks";
			sourceTree = "<group>";
		};
		1058C7A2FEA54F0111CA2CBB /* Other Frameworks */ = {
			isa = PBXGroup;
			children = (
				29B97324FDCFA39411CA2CEA /* AppKit.framework */,
				29B97325FDCFA39411CA2CEA /* Foundation.framework */,
			);
			name = "Other Frameworks";
			sourceTree = "<group>";
		};
		19C28FACFE9D520D11CA2CBB /* Products */ = {
			isa = PBXGroup;
			children = (
				8D1107320486CEB800E47090 /* ClipMenu.app */,
				A82B8AEB0EC3F8D700096102 /* ClipMenu.app */,
			);
			name = Products;
			sourceTree = "<group>";
		};
		29B97314FDCFA39411CA2CEA /* ClipMenu */ = {
			isa = PBXGroup;
			children = (
				A89465DB0EB97A3D004ACD23 /* Models */,
				080E96DDFE201D6D7F000001 /* Classes */,
				3542A8620D5EBE0400B3BBBD /* NaoAdditions */,
				29B97315FDCFA39411CA2CEA /* Other Source */,
				29B97317FDCFA39411CA2CEA /* Resources */,
				29B97323FDCFA39411CA2CEA /* Frameworks */,
				19C28FACFE9D520D11CA2CBB /* Products */,
			);
			name = ClipMenu;
			sourceTree = "<group>";
		};
		29B97315FDCFA39411CA2CEA /* Other Source */ = {
			isa = PBXGroup;
			children = (
			);
			name = "Other Source";
			path = Source;
			sourceTree = "<group>";
		};
		29B97317FDCFA39411CA2CEA /* Resources */ = {
			isa = PBXGroup;
			children = (
				A843AB080EBDAA03005A723A /* icons */,
				A8DCABD710819C81006E02C8 /* StatusMenuIcons */,
				A86E06D9119BD4D600DF8A58 /* SnippetEditor */,
				35C02FFA0D6BAB8300B95FF5 /* script */,
				A821F5401085696E00B25C8B /* dsa_pub.pem */,
				7A10000A0000000000000001 /* ComposingPreferences.tiff */,
				7A10000B0000000000000001 /* MainMenu.nib */,
				7A10000E0000000000000001 /* Snippets.mom */,
				7A1000110000000000000001 /* Preferences.nib (English) */,
				7A1000120000000000000001 /* Preferences.nib (Japanese) */,
				7A1000130000000000000001 /* Preferences.strings (English) */,
				7A1000140000000000000001 /* Preferences.strings (Japanese) */,
				8D1107310486CEB800E47090 /* Info.plist */,
				089C165CFE840E0CC02AAC07 /* InfoPlist.strings */,
				A878AA420EC411BE00112A8E /* Localizable.strings */,
			);
			name = Resources;
			sourceTree = "<group>";
		};
		29B97323FDCFA39411CA2CEA /* Frameworks */ = {
			isa = PBXGroup;
			children = (
				1058C7A0FEA54F0111CA2CBB /* Linked Frameworks */,
				1058C7A2FEA54F0111CA2CBB /* Other Frameworks */,
			);
			name = Frameworks;
			sourceTree = "<group>";
		};
		3505FF140D7FAD8C00B55D03 /* Preferences */ = {
			isa = PBXGroup;
			children = (
			);
			name = Preferences;
			sourceTree = "<group>";
		};
		3505FF150D7FADC400B55D03 /* Action */ = {
			isa = PBXGroup;
			children = (
			);
			name = Action;
			path = Source;
			sourceTree = "<group>";
		};
		3505FF180D7FAE0000B55D03 /* Clip */ = {
			isa = PBXGroup;
			children = (
			);
			name = Clip;
			path = Source;
			sourceTree = "<group>";
		};
		3542A8620D5EBE0400B3BBBD /* NaoAdditions */ = {
			isa = PBXGroup;
			children = (
			);
			name = NaoAdditions;
			path = Source/NaoAdditions;
			sourceTree = SOURCE_ROOT;
		};
		A8328E0910885FAF00A54DF4 /* DBPrefsWindowController */ = {
			isa = PBXGroup;
			children = (
			);
			name = DBPrefsWindowController;
			path = Source/DBPrefsWindowController;
			sourceTree = "<group>";
		};
		A83A1FA210AA3F9A002CB62A /* Snippet */ = {
			isa = PBXGroup;
			children = (
			);
			name = Snippet;
			sourceTree = "<group>";
		};
		A843AB080EBDAA03005A723A /* icons */ = {
			isa = PBXGroup;
			children = (
				35A473480D20E8DE00E6B842 /* ClipMenu.icns */,
				A87F7D04119FC41500420FF1 /* ClipMenu3.icns */,
				35C028940D6838D600B95FF5 /* ActionIcon.tiff */,
				35C028DB0D683C0200B95FF5 /* ActionIconLarge.tiff */,
				3578F76F0D7E3D5E00E804BF /* Menu.png */,
				A8DF42840ED13BF000506877 /* Action.tiff */,
				A8EBB687109190F900208A86 /* PTKeyboardIcon.tiff */,
				A8975E9B1087042E00973851 /* SparkleIcon.tif */,
				A8755B4A1164B0C500465B3B /* check.png */,
			);
			name = icons;
			sourceTree = "<group>";
		};
		A85DC6C310B93F25005C7925 /* CocoaExtensions */ = {
			isa = PBXGroup;
			children = (
			);
			name = CocoaExtensions;
			sourceTree = "<group>";
		};
		A86E06D9119BD4D600DF8A58 /* SnippetEditor */ = {
			isa = PBXGroup;
			children = (
				A86E0700119BF24200DF8A58 /* AddSnippet.tiff */,
				A86E0706119BF38100DF8A58 /* CheckSnippet.tiff */,
				A86E0707119BF38100DF8A58 /* DeleteSnippet.tiff */,
			);
			name = SnippetEditor;
			path = resource/SnippetEditor;
			sourceTree = "<group>";
		};
		A89465DB0EB97A3D004ACD23 /* Models */ = {
			isa = PBXGroup;
			children = (
			);
			name = Models;
			sourceTree = "<group>";
		};
		A8A2D26D0EC1735C007DE280 /* PTHotKeys */ = {
			isa = PBXGroup;
			children = (
			);
			name = PTHotKeys;
			path = Source/PTHotKeys;
			sourceTree = "<group>";
		};
		A8DCABD710819C81006E02C8 /* StatusMenuIcons */ = {
			isa = PBXGroup;
			children = (
				A8DCABD810819C81006E02C8 /* StatusMenuIcon.png */,
				A8DCABD910819C81006E02C8 /* StatusMenuIcon_pressed.png */,
				A8DCABDA10819C81006E02C8 /* StatusMenuIconFirst.png */,
				A8DCABDB10819C81006E02C8 /* StatusMenuIconFirst_pressed.png */,
				A8464D95108AAC3B0040C8C6 /* StatusMenuIconByDaveUlrich-scissors1-bw-left.png */,
				A8464D96108AAC3B0040C8C6 /* StatusMenuIconByDaveUlrich-scissors1-bw-right.png */,
				A8464D97108AAC3B0040C8C6 /* StatusMenuIconByDaveUlrich-scissors1-color-left.png */,
				A8464D98108AAC3B0040C8C6 /* StatusMenuIconByDaveUlrich-scissors1-color-right.png */,
				A8464D99108AAC3B0040C8C6 /* StatusMenuIconByDaveUlrich-scissors2-bw-left.png */,
				A8464D9A108AAC3B0040C8C6 /* StatusMenuIconByDaveUlrich-scissors2-bw-right.png */,
				A8464D9B108AAC3B0040C8C6 /* StatusMenuIconByDaveUlrich-scissors2-color-left.png */,
				A8464D9C108AAC3B0040C8C6 /* StatusMenuIconByDaveUlrich-scissors2-color-right.png */,
				A8464DD4108AD6A90040C8C6 /* StatusMenuIconByDaveUlrich-diagonal-bw.png */,
				A8464DD5108AD6A90040C8C6 /* StatusMenuIconByDaveUlrich-diagonal-color.png */,
				A8A6350B116C4F0F001ED122 /* StatusMenuIconBySuphiAksoy_pressed.png */,
				A8A6350C116C4F0F001ED122 /* StatusMenuIconBySuphiAksoy.png */,
			);
			name = StatusMenuIcons;
			path = resource/StatusMenuIcons;
			sourceTree = "<group>";
		};
/* End PBXGroup section */

/* Begin PBXNativeTarget section */
		8D1107260486CEB800E47090 /* ClipMenu */ = {
			isa = PBXNativeTarget;
			buildConfigurationList = C01FCF4A08A954540054247B /* Build configuration list for PBXNativeTarget "ClipMenu" */;
			buildPhases = (
				8D1107290486CEB800E47090 /* Resources */,
				8D11072C0486CEB800E47090 /* Sources */,
				8D11072E0486CEB800E47090 /* Frameworks */,
			);
			buildRules = (
			);
			dependencies = (
			);
			name = ClipMenu;
			productInstallPath = "$(HOME)/Applications";
			productName = ClipMenu;
			productReference = 8D1107320486CEB800E47090 /* ClipMenu.app */;
			productType = "com.apple.product-type.application";
		};
		A82B8AB20EC3F8D700096102 /* ClipMenu (deployment) */ = {
			isa = PBXNativeTarget;
			buildConfigurationList = A82B8AE80EC3F8D700096102 /* Build configuration list for PBXNativeTarget "ClipMenu (deployment)" */;
			buildPhases = (
				A82B8AB30EC3F8D700096102 /* ShellScript */,
				A82B8AB40EC3F8D700096102 /* Resources */,
				A82B8AC20EC3F8D700096102 /* Sources */,
				A82B8AE10EC3F8D700096102 /* Frameworks */,
				A82B8AE60EC3F8D700096102 /* CopyFiles */,
			);
			buildRules = (
			);
			dependencies = (
			);
			name = "ClipMenu (deployment)";
			productInstallPath = "$(HOME)/Applications";
			productName = ClipMenu;
			productReference = A82B8AEB0EC3F8D700096102 /* ClipMenu.app */;
			productType = "com.apple.product-type.application";
		};
/* End PBXNativeTarget section */

/* Begin PBXProject section */
		29B97313FDCFA39411CA2CEA /* Project object */ = {
			isa = PBXProject;
			attributes = {
			};
			buildConfigurationList = C01FCF4E08A954540054247B /* Build configuration list for PBXProject "ClipMenu" */;
			compatibilityVersion = "Xcode 3.2";
			developmentRegion = en;
			hasScannedForEncodings = 1;
			knownRegions = (
				en,
				Base,
				English,
				Japanese,
			);
			mainGroup = 29B97314FDCFA39411CA2CEA /* ClipMenu */;
			projectDirPath = "";
			projectRoot = "";
			targets = (
				8D1107260486CEB800E47090 /* ClipMenu */,
				A82B8AB20EC3F8D700096102 /* ClipMenu (deployment) */,
			);
		};
/* End PBXProject section */

/* Begin PBXResourcesBuildPhase section */
		8D1107290486CEB800E47090 /* Resources */ = {
			isa = PBXResourcesBuildPhase;
			buildActionMask = 2147483647;
			files = (
				8D11072B0486CEB800E47090 /* InfoPlist.strings in Resources */,
				A878AA430EC411BE00112A8E /* Localizable.strings in Resources */,
				35A473490D20E8DE00E6B842 /* ClipMenu.icns in Resources */,
				35C028950D6838D600B95FF5 /* ActionIcon.tiff in Resources */,
				35C028DC0D683C0200B95FF5 /* ActionIconLarge.tiff in Resources */,
				35C02FFE0D6BAB8300B95FF5 /* script in Resources */,
				3578F7700D7E3D5E00E804BF /* Menu.png in Resources */,
				7A1000080000000000000001 /* ComposingPreferences.tiff in Resources */,
				7A10000C0000000000000001 /* MainMenu.nib in Resources */,
				7A10000F0000000000000001 /* Snippets.mom in Resources */,
				7A1000150000000000000001 /* Preferences.nib (English) in Resources */,
				7A1000170000000000000001 /* Preferences.nib (Japanese) in Resources */,
				7A1000190000000000000001 /* Preferences.strings (English) in Resources */,
				7A10001B0000000000000001 /* Preferences.strings (Japanese) in Resources */,
				A8DF42850ED13BF000506877 /* Action.tiff in Resources */,
				A8DCABDE10819C81006E02C8 /* StatusMenuIcon.png in Resources */,
				A8DCABDF10819C81006E02C8 /* StatusMenuIcon_pressed.png in Resources */,
				A8DCABE010819C81006E02C8 /* StatusMenuIconFirst.png in Resources */,
				A8DCABE110819C81006E02C8 /* StatusMenuIconFirst_pressed.png in Resources */,
				A821F5411085696E00B25C8B /* dsa_pub.pem in Resources */,
				A8975E9C1087042E00973851 /* SparkleIcon.tif in Resources */,
				A8464D9D108AAC3B0040C8C6 /* StatusMenuIconByDaveUlrich-scissors1-bw-left.png in Resources */,
				A8464D9E108AAC3B0040C8C6 /* StatusMenuIconByDaveUlrich-scissors1-bw-right.png in Resources */,
				A8464D9F108AAC3B0040C8C6 /* StatusMenuIconByDaveUlrich-scissors1-color-left.png in Resources */,
				A8464DA0108AAC3B0040C8C6 /* StatusMenuIconByDaveUlrich-scissors1-color-right.png in Resources */,
				A8464DA1108AAC3B0040C8C6 /* StatusMenuIconByDaveUlrich-scissors2-bw-left.png in Resources */,
				A8464DA2108AAC3B0040C8C6 /* StatusMenuIconByDaveUlrich-scissors2-bw-right.png in Resources */,
				A8464DA3108AAC3B0040C8C6 /* StatusMenuIconByDaveUlrich-scissors2-color-left.png in Resources */,
				A8464DA4108AAC3B0040C8C6 /* StatusMenuIconByDaveUlrich-scissors2-color-right.png in Resources */,
				A8464DD6108AD6A90040C8C6 /* StatusMenuIconByDaveUlrich-diagonal-bw.png in Resources */,
				A8464DD7108AD6A90040C8C6 /* StatusMenuIconByDaveUlrich-diagonal-color.png in Resources */,
				A8EBB688109190F900208A86 /* PTKeyboardIcon.tiff in Resources */,
			);
			runOnlyForDeploymentPostprocessing = 0;
		};
		A82B8AB40EC3F8D700096102 /* Resources */ = {
			isa = PBXResourcesBuildPhase;
			buildActionMask = 2147483647;
			files = (
				A82B8AB50EC3F8D700096102 /* InfoPlist.strings in Resources */,
				A878AA440EC411BE00112A8E /* Localizable.strings in Resources */,
				A82B8AB70EC3F8D700096102 /* ClipMenu.icns in Resources */,
				A82B8AB90EC3F8D700096102 /* ActionIcon.tiff in Resources */,
				A82B8ABA0EC3F8D700096102 /* ActionIconLarge.tiff in Resources */,
				A82B8ABB0EC3F8D700096102 /* script in Resources */,
				A82B8ABC0EC3F8D700096102 /* Menu.png in Resources */,
				7A1000090000000000000001 /* ComposingPreferences.tiff in Resources */,
				7A10000D0000000000000001 /* MainMenu.nib in Resources */,
				7A1000100000000000000001 /* Snippets.mom in Resources */,
				7A1000160000000000000001 /* Preferences.nib (English) in Resources */,
				7A1000180000000000000001 /* Preferences.nib (Japanese) in Resources */,
				7A10001A0000000000000001 /* Preferences.strings (English) in Resources */,
				7A10001C0000000000000001 /* Preferences.strings (Japanese) in Resources */,
				A86F93910ED183C30058E899 /* Action.tiff in Resources */,
				A8DCABE410819C81006E02C8 /* StatusMenuIcon.png in Resources */,
				A8DCABE510819C81006E02C8 /* StatusMenuIcon_pressed.png in Resources */,
				A8DCABE610819C81006E02C8 /* StatusMenuIconFirst.png in Resources */,
				A8DCABE710819C81006E02C8 /* StatusMenuIconFirst_pressed.png in Resources */,
				A821F5421085696E00B25C8B /* dsa_pub.pem in Resources */,
				A8975E9D1087042E00973851 /* SparkleIcon.tif in Resources */,
				A8464DA5108AAC3B0040C8C6 /* StatusMenuIconByDaveUlrich-scissors1-bw-left.png in Resources */,
				A8464DA6108AAC3B0040C8C6 /* StatusMenuIconByDaveUlrich-scissors1-bw-right.png in Resources */,
				A8464DA7108AAC3B0040C8C6 /* StatusMenuIconByDaveUlrich-scissors1-color-left.png in Resources */,
				A8464DA8108AAC3B0040C8C6 /* StatusMenuIconByDaveUlrich-scissors1-color-right.png in Resources */,
				A8464DA9108AAC3B0040C8C6 /* StatusMenuIconByDaveUlrich-scissors2-bw-left.png in Resources */,
				A8464DAA108AAC3B0040C8C6 /* StatusMenuIconByDaveUlrich-scissors2-bw-right.png in Resources */,
				A8464DAB108AAC3B0040C8C6 /* StatusMenuIconByDaveUlrich-scissors2-color-left.png in Resources */,
				A8464DAC108AAC3B0040C8C6 /* StatusMenuIconByDaveUlrich-scissors2-color-right.png in Resources */,
				A8464DD8108AD6A90040C8C6 /* StatusMenuIconByDaveUlrich-diagonal-bw.png in Resources */,
				A8464DD9108AD6A90040C8C6 /* StatusMenuIconByDaveUlrich-diagonal-color.png in Resources */,
				A8EBB689109190F900208A86 /* PTKeyboardIcon.tiff in Resources */,
			);
			runOnlyForDeploymentPostprocessing = 0;
		};
/* End PBXResourcesBuildPhase section */

/* Begin PBXShellScriptBuildPhase section */
		A82B8AB30EC3F8D700096102 /* ShellScript */ = {
			isa = PBXShellScriptBuildPhase;
			buildActionMask = 2147483647;
			comments = "日本語ローカライズを生成";
			files = (
			);
			inputPaths = (
			);
			outputPaths = (
			);
			runOnlyForDeploymentPostprocessing = 0;
			shellPath = /bin/sh;
			shellScript = "# Swift-only project: localization resources are maintained directly.\nAPP_FRAMEWORKS_SOURCE=\"/Applications/ClipMenu.app/Contents/Frameworks\"\nTARGET_FRAMEWORKS_DIR=\"${TARGET_BUILD_DIR}/${FRAMEWORKS_FOLDER_PATH}\"\n\nmkdir -p \"${TARGET_FRAMEWORKS_DIR}\"\n\nfor framework_name in ShortcutRecorder.framework Sparkle.framework; do\n\tSOURCE_FRAMEWORK=\"${APP_FRAMEWORKS_SOURCE}/${framework_name}\"\n\tDESTINATION_FRAMEWORK=\"${TARGET_FRAMEWORKS_DIR}/${framework_name}\"\n\n\tif [ -d \"${SOURCE_FRAMEWORK}\" ]; then\n\t\trm -rf \"${DESTINATION_FRAMEWORK}\"\n\t\trsync -a \"${SOURCE_FRAMEWORK}\" \"${TARGET_FRAMEWORKS_DIR}/\"\n\t\tcodesign --force --sign - --deep \"${DESTINATION_FRAMEWORK}\"\n\telse\n\t\techo \"warning: ${SOURCE_FRAMEWORK} not found; skipping framework bundle parity copy\"\n\tfi\ndone\n";
		};
/* End PBXShellScriptBuildPhase section */

/* Begin PBXSourcesBuildPhase section */
		8D11072C0486CEB800E47090 /* Sources */ = {
			isa = PBXSourcesBuildPhase;
			buildActionMask = 2147483647;
			files = (
			7A1000030000000000000001 /* AppController.swift in Sources */,
			7A1000060000000000000001 /* SwiftUINativeWindows.swift in Sources */,
			);
			runOnlyForDeploymentPostprocessing = 0;
		};
		A82B8AC20EC3F8D700096102 /* Sources */ = {
			isa = PBXSourcesBuildPhase;
			buildActionMask = 2147483647;
			files = (
			7A1000040000000000000001 /* AppController.swift in Sources */,
			7A1000070000000000000001 /* SwiftUINativeWindows.swift in Sources */,
			);
			runOnlyForDeploymentPostprocessing = 0;
		};
/* End PBXSourcesBuildPhase section */

/* Begin PBXVariantGroup section */
		089C165CFE840E0CC02AAC07 /* InfoPlist.strings */ = {
			isa = PBXVariantGroup;
			children = (
				089C165DFE840E0CC02AAC07 /* English */,
				A821F5861085DA8A00B25C8B /* Japanese */,
			);
			name = InfoPlist.strings;
			sourceTree = "<group>";
			};
			A878AA420EC411BE00112A8E /* Localizable.strings */ = {
				isa = PBXVariantGroup;
				children = (
				3578645D0D23A82400FAFFC5 /* English */,
				A878AA450EC411C400112A8E /* Japanese */,
				);
				name = Localizable.strings;
				sourceTree = "<group>";
			};
	/* End PBXVariantGroup section */

/* Begin XCBuildConfiguration section */
		A82B8AE90EC3F8D700096102 /* Debug */ = {
			isa = XCBuildConfiguration;
			buildSettings = {
				ARCHS = "$(ARCHS_STANDARD)";
				ALWAYS_SEARCH_USER_PATHS = NO;
				COPY_PHASE_STRIP = NO;
				FRAMEWORK_SEARCH_PATHS = "$(inherited)";
				GCC_C_LANGUAGE_STANDARD = c99;
				GCC_DYNAMIC_NO_PIC = NO;
				GCC_ENABLE_OBJC_EXCEPTIONS = YES;
				GCC_OPTIMIZATION_LEVEL = 0;
				GCC_WARN_ABOUT_MISSING_NEWLINE = YES;
				GCC_WARN_CHECK_SWITCH_STATEMENTS = YES;
				GCC_WARN_INITIALIZER_NOT_FULLY_BRACKETED = YES;
				GCC_WARN_MISSING_PARENTHESES = NO;
				INFOPLIST_FILE = Info.plist;
				INSTALL_PATH = "$(HOME)/Applications";
				MACOSX_DEPLOYMENT_TARGET = 11.0;
				PRODUCT_BUNDLE_IDENTIFIER = com.naotaka.ClipMenu.Debug;
				PRODUCT_MODULE_NAME = ClipMenu;
				PRODUCT_NAME = ClipMenuDebug;
				RUN_CLANG_STATIC_ANALYZER = YES;
				SDKROOT = macosx;
				SWIFT_ACTIVE_COMPILATION_CONDITIONS = DEBUG;
				SWIFT_VERSION = 5.0;
				WRAPPER_EXTENSION = app;
			};
			name = Debug;
		};
		A82B8AEA0EC3F8D700096102 /* Release */ = {
			isa = XCBuildConfiguration;
			buildSettings = {
				ARCHS = "$(ARCHS_STANDARD)";
				ALWAYS_SEARCH_USER_PATHS = NO;
				DEPLOYMENT_POSTPROCESSING = YES;
				FRAMEWORK_SEARCH_PATHS = "$(inherited)";
				GCC_C_LANGUAGE_STANDARD = c99;
				GCC_ENABLE_OBJC_EXCEPTIONS = YES;
				GCC_GENERATE_DEBUGGING_SYMBOLS = NO;
				GCC_WARN_ABOUT_MISSING_NEWLINE = YES;
				GCC_WARN_CHECK_SWITCH_STATEMENTS = YES;
				GCC_WARN_INITIALIZER_NOT_FULLY_BRACKETED = YES;
				GCC_WARN_MISSING_PARENTHESES = NO;
				INFOPLIST_FILE = Info.plist;
				INSTALL_PATH = "$(HOME)/Applications";
				MACOSX_DEPLOYMENT_TARGET = 11.0;
				PRODUCT_BUNDLE_IDENTIFIER = com.naotaka.ClipMenu;
				PRODUCT_MODULE_NAME = ClipMenu;
				PRODUCT_NAME = ClipMenu;
				RUN_CLANG_STATIC_ANALYZER = YES;
				SDKROOT = macosx;
				SWIFT_VERSION = 5.0;
				WRAPPER_EXTENSION = app;
			};
			name = Release;
		};
		C01FCF4B08A954540054247B /* Debug */ = {
			isa = XCBuildConfiguration;
			buildSettings = {
				ARCHS = "$(ARCHS_STANDARD)";
				ALWAYS_SEARCH_USER_PATHS = NO;
				COPY_PHASE_STRIP = NO;
				FRAMEWORK_SEARCH_PATHS = "$(inherited)";
				GCC_C_LANGUAGE_STANDARD = c99;
				GCC_DYNAMIC_NO_PIC = NO;
				GCC_ENABLE_OBJC_EXCEPTIONS = YES;
				GCC_OPTIMIZATION_LEVEL = 0;
				GCC_WARN_ABOUT_MISSING_NEWLINE = YES;
				GCC_WARN_CHECK_SWITCH_STATEMENTS = YES;
				GCC_WARN_MISSING_PARENTHESES = NO;
				INFOPLIST_FILE = Info.plist;
				INSTALL_PATH = "$(HOME)/Applications";
				MACOSX_DEPLOYMENT_TARGET = 11.0;
				PRODUCT_BUNDLE_IDENTIFIER = com.naotaka.ClipMenu.Debug;
				PRODUCT_MODULE_NAME = ClipMenu;
				PRODUCT_NAME = ClipMenuDebug;
				RUN_CLANG_STATIC_ANALYZER = NO;
				SDKROOT = macosx;
				SWIFT_ACTIVE_COMPILATION_CONDITIONS = DEBUG;
				SWIFT_VERSION = 5.0;
				WRAPPER_EXTENSION = app;
			};
			name = Debug;
		};
		C01FCF4C08A954540054247B /* Release */ = {
			isa = XCBuildConfiguration;
			buildSettings = {
				ARCHS = "$(ARCHS_STANDARD)";
				ALWAYS_SEARCH_USER_PATHS = NO;
				DEPLOYMENT_POSTPROCESSING = YES;
				FRAMEWORK_SEARCH_PATHS = "$(inherited)";
				GCC_C_LANGUAGE_STANDARD = c99;
				GCC_ENABLE_OBJC_EXCEPTIONS = YES;
				GCC_GENERATE_DEBUGGING_SYMBOLS = NO;
				GCC_WARN_ABOUT_MISSING_NEWLINE = YES;
				GCC_WARN_CHECK_SWITCH_STATEMENTS = YES;
				GCC_WARN_MISSING_PARENTHESES = NO;
				INFOPLIST_FILE = Info.plist;
				INSTALL_PATH = "$(HOME)/Applications";
				MACOSX_DEPLOYMENT_TARGET = 11.0;
				PRODUCT_BUNDLE_IDENTIFIER = com.naotaka.ClipMenu;
				PRODUCT_MODULE_NAME = ClipMenu;
				PRODUCT_NAME = ClipMenu;
				RUN_CLANG_STATIC_ANALYZER = YES;
				SDKROOT = macosx;
				SWIFT_VERSION = 5.0;
				WRAPPER_EXTENSION = app;
			};
			name = Release;
		};
		C01FCF4F08A954540054247B /* Debug */ = {
			isa = XCBuildConfiguration;
			buildSettings = {
				ALWAYS_SEARCH_USER_PATHS = NO;
				GCC_C_LANGUAGE_STANDARD = c99;
				GCC_WARN_ABOUT_RETURN_TYPE = YES;
				GCC_WARN_UNUSED_VARIABLE = YES;
				PREBINDING = NO;
			};
			name = Debug;
		};
		C01FCF5008A954540054247B /* Release */ = {
			isa = XCBuildConfiguration;
			buildSettings = {
				ALWAYS_SEARCH_USER_PATHS = NO;
				GCC_C_LANGUAGE_STANDARD = c99;
				GCC_WARN_ABOUT_RETURN_TYPE = YES;
				GCC_WARN_UNUSED_VARIABLE = YES;
				PREBINDING = NO;
			};
			name = Release;
		};
/* End XCBuildConfiguration section */

/* Begin XCConfigurationList section */
		A82B8AE80EC3F8D700096102 /* Build configuration list for PBXNativeTarget "ClipMenu (deployment)" */ = {
			isa = XCConfigurationList;
			buildConfigurations = (
				A82B8AE90EC3F8D700096102 /* Debug */,
				A82B8AEA0EC3F8D700096102 /* Release */,
			);
			defaultConfigurationIsVisible = 0;
			defaultConfigurationName = Release;
		};
		C01FCF4A08A954540054247B /* Build configuration list for PBXNativeTarget "ClipMenu" */ = {
			isa = XCConfigurationList;
			buildConfigurations = (
				C01FCF4B08A954540054247B /* Debug */,
				C01FCF4C08A954540054247B /* Release */,
			);
			defaultConfigurationIsVisible = 0;
			defaultConfigurationName = Release;
		};
		C01FCF4E08A954540054247B /* Build configuration list for PBXProject "ClipMenu" */ = {
			isa = XCConfigurationList;
			buildConfigurations = (
				C01FCF4F08A954540054247B /* Debug */,
				C01FCF5008A954540054247B /* Release */,
			);
			defaultConfigurationIsVisible = 0;
			defaultConfigurationName = Release;
		};
/* End XCConfigurationList section */
	};
	rootObject = 29B97313FDCFA39411CA2CEA /* Project object */;
}
